
Microsoft Visual Studio Solution File, Format Version 12.00
# Visual Studio Version 17
VisualStudioVersion = 17.0.31903.59
MinimumVisualStudioVersion = 10.0.40219.1
Project("{2150E333-8FDC-42A3-9474-1A3956D46DE8}") = "Solution Items", "Solution Items", "{52D4C898-F48D-4E22-8918-E1E5427DBFC9}"
	ProjectSection(SolutionItems) = preProject
		Solution Items\docker cli.txt = Solution Items\docker cli.txt
		Solution Items\docker-compose.yml = Solution Items\docker-compose.yml
		Solution Items\Ports.txt = Solution Items\Ports.txt
	EndProjectSection
EndProject
Project("{2150E333-8FDC-42A3-9474-1A3956D46DE8}") = "Shared", "Shared", "{DE8D805A-C411-4AA1-8863-39628E66B7E5}"
EndProject
Project("{2150E333-8FDC-42A3-9474-1A3956D46DE8}") = "Services", "Services", "{8B15CC5A-7087-4AD4-A0A6-92EC663828D5}"
EndProject
Project("{2150E333-8FDC-42A3-9474-1A3956D46DE8}") = "IdentityServer", "IdentityServer", "{57314793-AF1F-410F-988C-7C2890B85BA7}"
EndProject
Project("{2150E333-8FDC-42A3-9474-1A3956D46DE8}") = "Gateways", "Gateways", "{AA2BC5E9-F959-4586-BCE4-DE01C2CF0B2C}"
EndProject
Project("{2150E333-8FDC-42A3-9474-1A3956D46DE8}") = "Product", "Product", "{FB953509-7BCF-4E6D-919E-73C0B001EADE}"
EndProject
Project("{9A19103F-16F7-4668-BE54-9A1E7A4F7556}") = "Microservices.MarketPlace.Example.IdentityServer", "IdentityServer\Microservices.MarketPlace.Example.IdentityServer\Microservices.MarketPlace.Example.IdentityServer.csproj", "{F299ECD1-842B-4375-A600-6BB3258DAD7F}"
EndProject
Project("{2150E333-8FDC-42A3-9474-1A3956D46DE8}") = "Image", "Image", "{4497ED24-D7BD-4B06-8BE1-6F16AF7A4690}"
EndProject
Project("{2150E333-8FDC-42A3-9474-1A3956D46DE8}") = "Basket", "Basket", "{052A97FB-A10E-463C-8759-DDA21320CEFC}"
EndProject
Project("{2150E333-8FDC-42A3-9474-1A3956D46DE8}") = "Discount", "Discount", "{957ADE83-9485-4A4B-8A2A-231E6AB248D8}"
EndProject
Project("{9A19103F-16F7-4668-BE54-9A1E7A4F7556}") = "Microservices.MarketPlace.Example.Basket", "Services\Basket\Microservices.MarketPlace.Example.Basket\Microservices.MarketPlace.Example.Basket.csproj", "{55714FD7-48F1-4A80-AEB4-E0821E58F977}"
EndProject
Project("{9A19103F-16F7-4668-BE54-9A1E7A4F7556}") = "Microservices.MarketPlace.Example.Discount", "Services\Discount\Microservices.MarketPlace.Example.Discount\Microservices.MarketPlace.Example.Discount.csproj", "{55E6DA5B-9977-4F8C-9549-F6C09F596C55}"
EndProject
Project("{9A19103F-16F7-4668-BE54-9A1E7A4F7556}") = "Microservices.MarketPlace.Example.Image", "Services\Image\Microservices.MarketPlace.Example.Image\Microservices.MarketPlace.Example.Image.csproj", "{28AEEE76-B44B-4E74-984A-DFA27D3538D4}"
EndProject
Project("{9A19103F-16F7-4668-BE54-9A1E7A4F7556}") = "Microservices.MarketPlace.Example.Product", "Services\Product\Microservices.MarketPlace.Example.Product\Microservices.MarketPlace.Example.Product.csproj", "{A28B93C6-FC91-42CC-87B4-BB09EA1443A4}"
EndProject
Project("{9A19103F-16F7-4668-BE54-9A1E7A4F7556}") = "Microservices.MarketPlace.Example.CommonUses", "Shared\Microservices.MarketPlace.Example.CommonUses\Microservices.MarketPlace.Example.CommonUses.csproj", "{F42D1ED7-E22C-4BF3-8252-17A2B6230419}"
EndProject
Project("{2150E333-8FDC-42A3-9474-1A3956D46DE8}") = "Payment", "Payment", "{7CD18D95-7EEC-4ABA-B89F-8EB2194DD746}"
EndProject
Project("{9A19103F-16F7-4668-BE54-9A1E7A4F7556}") = "Microservices.MarketPlace.Example.Payment", "Services\Payment\Microservices.MarketPlace.Example.Payment\Microservices.MarketPlace.Example.Payment.csproj", "{EAFA8CF7-D13A-477B-A34A-59A263315FAC}"
EndProject
Project("{2150E333-8FDC-42A3-9474-1A3956D46DE8}") = "Order", "Order", "{FBEB5B94-0488-4ADD-9CD7-26DB03EB736D}"
EndProject
Project("{9A19103F-16F7-4668-BE54-9A1E7A4F7556}") = "Microservices.MarketPlace.Example.Order.API", "Services\Order\Microservices.MarketPlace.Example.Order.API\Microservices.MarketPlace.Example.Order.API.csproj", "{E59C0319-99B6-4048-B42E-C7B4785BC53C}"
EndProject
Project("{9A19103F-16F7-4668-BE54-9A1E7A4F7556}") = "Microservices.MarketPlace.Example.Order.Application", "Services\Order\Microservices.MarketPlace.Example.Order.Application\Microservices.MarketPlace.Example.Order.Application.csproj", "{E176BD9B-82E0-4B27-B8C1-543C7460CCD9}"
EndProject
Project("{9A19103F-16F7-4668-BE54-9A1E7A4F7556}") = "Microservices.MarketPlace.Example.Order.Core", "Services\Order\Microservices.MarketPlace.Example.Order.Core\Microservices.MarketPlace.Example.Order.Core.csproj", "{43575233-D366-4EF8-AB5E-0EF960A6DFD4}"
EndProject
Project("{9A19103F-16F7-4668-BE54-9A1E7A4F7556}") = "Microservices.MarketPlace.Example.Order.Domain", "Services\Order\Microservices.MarketPlace.Example.Order.Domain\Microservices.MarketPlace.Example.Order.Domain.csproj", "{7AA53545-6240-43C7-AD7C-09E70512137A}"
EndProject
Project("{9A19103F-16F7-4668-BE54-9A1E7A4F7556}") = "Microservices.MarketPlace.Example.Order.Infrastructure", "Services\Order\Microservices.MarketPlace.Example.Order.Infrastructure\Microservices.MarketPlace.Example.Order.Infrastructure.csproj", "{9F041CCD-3311-47A9-955E-09FC6DC8E4DC}"
EndProject
Project("{9A19103F-16F7-4668-BE54-9A1E7A4F7556}") = "Microservices.MarketPlace.Example.Gateway", "Gateways\Microservices.MarketPlace.Example.Gateway\Microservices.MarketPlace.Example.Gateway.csproj", "{AFBF4305-E0F4-4CDB-A99A-1E11FB68AAD2}"
EndProject
Project("{2150E333-8FDC-42A3-9474-1A3956D46DE8}") = "Frontends", "Frontends", "{F91A867D-B02F-4C24-B6FD-8E29929EB930}"
EndProject
Project("{FAE04EC0-301F-11D3-BF4B-00C04F79EFBC}") = "Microservices.MarketPlace.Example.Web", "Frontends\Microservices.MarketPlace.Example.Web\Microservices.MarketPlace.Example.Web.csproj", "{1C5D6DA8-680C-4F3C-B155-151E9CBFE9CC}"
EndProject
Global
	GlobalSection(SolutionConfigurationPlatforms) = preSolution
		Debug|Any CPU = Debug|Any CPU
		Release|Any CPU = Release|Any CPU
	EndGlobalSection
	GlobalSection(ProjectConfigurationPlatforms) = postSolution
		{F299ECD1-842B-4375-A600-6BB3258DAD7F}.Debug|Any CPU.ActiveCfg = Debug|Any CPU
		{F299ECD1-842B-4375-A600-6BB3258DAD7F}.Debug|Any CPU.Build.0 = Debug|Any CPU
		{F299ECD1-842B-4375-A600-6BB3258DAD7F}.Release|Any CPU.ActiveCfg = Release|Any CPU
		{F299ECD1-842B-4375-A600-6BB3258DAD7F}.Release|Any CPU.Build.0 = Release|Any CPU
		{55714FD7-48F1-4A80-AEB4-E0821E58F977}.Debug|Any CPU.ActiveCfg = Debug|Any CPU
		{55714FD7-48F1-4A80-AEB4-E0821E58F977}.Debug|Any CPU.Build.0 = Debug|Any CPU
		{55714FD7-48F1-4A80-AEB4-E0821E58F977}.Release|Any CPU.ActiveCfg = Release|Any CPU
		{55714FD7-48F1-4A80-AEB4-E0821E58F977}.Release|Any CPU.Build.0 = Release|Any CPU
		{55E6DA5B-9977-4F8C-9549-F6C09F596C55}.Debug|Any CPU.ActiveCfg = Debug|Any CPU
		{55E6DA5B-9977-4F8C-9549-F6C09F596C55}.Debug|Any CPU.Build.0 = Debug|Any CPU
		{55E6DA5B-9977-4F8C-9549-F6C09F596C55}.Release|Any CPU.ActiveCfg = Release|Any CPU
		{55E6DA5B-9977-4F8C-9549-F6C09F596C55}.Release|Any CPU.Build.0 = Release|Any CPU
		{28AEEE76-B44B-4E74-984A-DFA27D3538D4}.Debug|Any CPU.ActiveCfg = Debug|Any CPU
		{28AEEE76-B44B-4E74-984A-DFA27D3538D4}.Debug|Any CPU.Build.0 = Debug|Any CPU
		{28AEEE76-B44B-4E74-984A-DFA27D3538D4}.Release|Any CPU.ActiveCfg = Release|Any CPU
		{28AEEE76-B44B-4E74-984A-DFA27D3538D4}.Release|Any CPU.Build.0 = Release|Any CPU
		{A28B93C6-FC91-42CC-87B4-BB09EA1443A4}.Debug|Any CPU.ActiveCfg = Debug|Any CPU
		{A28B93C6-FC91-42CC-87B4-BB09EA1443A4}.Debug|Any CPU.Build.0 = Debug|Any CPU
		{A28B93C6-FC91-42CC-87B4-BB09EA1443A4}.Release|Any CPU.ActiveCfg = Release|Any CPU
		{A28B93C6-FC91-42CC-87B4-BB09EA1443A4}.Release|Any CPU.Build.0 = Release|Any CPU
		{F42D1ED7-E22C-4BF3-8252-17A2B6230419}.Debug|Any CPU.ActiveCfg = Debug|Any CPU
		{F42D1ED7-E22C-4BF3-8252-17A2B6230419}.Debug|Any CPU.Build.0 = Debug|Any CPU
		{F42D1ED7-E22C-4BF3-8252-17A2B6230419}.Release|Any CPU.ActiveCfg = Release|Any CPU
		{F42D1ED7-E22C-4BF3-8252-17A2B6230419}.Release|Any CPU.Build.0 = Release|Any CPU
		{EAFA8CF7-D13A-477B-A34A-59A263315FAC}.Debug|Any CPU.ActiveCfg = Debug|Any CPU
		{EAFA8CF7-D13A-477B-A34A-59A263315FAC}.Debug|Any CPU.Build.0 = Debug|Any CPU
		{EAFA8CF7-D13A-477B-A34A-59A263315FAC}.Release|Any CPU.ActiveCfg = Release|Any CPU
		{EAFA8CF7-D13A-477B-A34A-59A263315FAC}.Release|Any CPU.Build.0 = Release|Any CPU
		{E59C0319-99B6-4048-B42E-C7B4785BC53C}.Debug|Any CPU.ActiveCfg = Debug|Any CPU
		{E59C0319-99B6-4048-B42E-C7B4785BC53C}.Debug|Any CPU.Build.0 = Debug|Any CPU
		{E59C0319-99B6-4048-B42E-C7B4785BC53C}.Release|Any CPU.ActiveCfg = Release|Any CPU
		{E59C0319-99B6-4048-B42E-C7B4785BC53C}.Release|Any CPU.Build.0 = Release|Any CPU
		{E176BD9B-82E0-4B27-B8C1-543C7460CCD9}.Debug|Any CPU.ActiveCfg = Debug|Any CPU
		{E176BD9B-82E0-4B27-B8C1-543C7460CCD9}.Debug|Any CPU.Build.0 = Debug|Any CPU
		{E176BD9B-82E0-4B27-B8C1-543C7460CCD9}.Release|Any CPU.ActiveCfg = Release|Any CPU
		{E176BD9B-82E0-4B27-B8C1-543C7460CCD9}.Release|Any CPU.Build.0 = Release|Any CPU
		{43575233-D366-4EF8-AB5E-0EF960A6DFD4}.Debug|Any CPU.ActiveCfg = Debug|Any CPU
		{43575233-D366-4EF8-AB5E-0EF960A6DFD4}.Debug|Any CPU.Build.0 = Debug|Any CPU
		{43575233-D366-4EF8-AB5E-0EF960A6DFD4}.Release|Any CPU.ActiveCfg = Release|Any CPU
		{43575233-D366-4EF8-AB5E-0EF960A6DFD4}.Release|Any CPU.Build.0 = Release|Any CPU
		{7AA53545-6240-43C7-AD7C-09E70512137A}.Debug|Any CPU.ActiveCfg = Debug|Any CPU
		{7AA53545-6240-43C7-AD7C-09E70512137A}.Debug|Any CPU.Build.0 = Debug|Any CPU
		{7AA53545-6240-43C7-AD7C-09E70512137A}.Release|Any CPU.ActiveCfg = Release|Any CPU
		{7AA53545-6240-43C7-AD7C-09E70512137A}.Release|Any CPU.Build.0 = Release|Any CPU
		{9F041CCD-3311-47A9-955E-09FC6DC8E4DC}.Debug|Any CPU.ActiveCfg = Debug|Any CPU
		{9F041CCD-3311-47A9-955E-09FC6DC8E4DC}.Debug|Any CPU.Build.0 = Debug|Any CPU
		{9F041CCD-3311-47A9-955E-09FC6DC8E4DC}.Release|Any CPU.ActiveCfg = Release|Any CPU
		{9F041CCD-3311-47A9-955E-09FC6DC8E4DC}.Release|Any CPU.Build.0 = Release|Any CPU
		{AFBF4305-E0F4-4CDB-A99A-1E11FB68AAD2}.Debug|Any CPU.ActiveCfg = Debug|Any CPU
		{AFBF4305-E0F4-4CDB-A99A-1E11FB68AAD2}.Debug|Any CPU.Build.0 = Debug|Any CPU
		{AFBF4305-E0F4-4CDB-A99A-1E11FB68AAD2}.Release|Any CPU.ActiveCfg = Release|Any CPU
		{AFBF4305-E0F4-4CDB-A99A-1E11FB68AAD2}.Release|Any CPU.Build.0 = Release|Any CPU
		{1C5D6DA8-680C-4F3C-B155-151E9CBFE9CC}.Debug|Any CPU.ActiveCfg = Debug|Any CPU
		{1C5D6DA8-680C-4F3C-B155-151E9CBFE9CC}.Debug|Any CPU.Build.0 = Debug|Any CPU
		{1C5D6DA8-680C-4F3C-B155-151E9CBFE9CC}.Release|Any CPU.ActiveCfg = Release|Any CPU
		{1C5D6DA8-680C-4F3C-B155-151E9CBFE9CC}.Release|Any CPU.Build.0 = Release|Any CPU
	EndGlobalSection
	GlobalSection(SolutionProperties) = preSolution
		HideSolutionNode = FALSE
	EndGlobalSection
	GlobalSection(NestedProjects) = preSolution
		{FB953509-7BCF-4E6D-919E-73C0B001EADE} = {8B15CC5A-7087-4AD4-A0A6-92EC663828D5}
		{F299ECD1-842B-4375-A600-6BB3258DAD7F} = {57314793-AF1F-410F-988C-7C2890B85BA7}
		{4497ED24-D7BD-4B06-8BE1-6F16AF7A4690} = {8B15CC5A-7087-4AD4-A0A6-92EC663828D5}
		{052A97FB-A10E-463C-8759-DDA21320CEFC} = {8B15CC5A-7087-4AD4-A0A6-92EC663828D5}
		{957ADE83-9485-4A4B-8A2A-231E6AB248D8} = {8B15CC5A-7087-4AD4-A0A6-92EC663828D5}
		{55714FD7-48F1-4A80-AEB4-E0821E58F977} = {052A97FB-A10E-463C-8759-DDA21320CEFC}
		{55E6DA5B-9977-4F8C-9549-F6C09F596C55} = {957ADE83-9485-4A4B-8A2A-231E6AB248D8}
		{28AEEE76-B44B-4E74-984A-DFA27D3538D4} = {4497ED24-D7BD-4B06-8BE1-6F16AF7A4690}
		{A28B93C6-FC91-42CC-87B4-BB09EA1443A4} = {FB953509-7BCF-4E6D-919E-73C0B001EADE}
		{F42D1ED7-E22C-4BF3-8252-17A2B6230419} = {DE8D805A-C411-4AA1-8863-39628E66B7E5}
		{7CD18D95-7EEC-4ABA-B89F-8EB2194DD746} = {8B15CC5A-7087-4AD4-A0A6-92EC663828D5}
		{EAFA8CF7-D13A-477B-A34A-59A263315FAC} = {7CD18D95-7EEC-4ABA-B89F-8EB2194DD746}
		{FBEB5B94-0488-4ADD-9CD7-26DB03EB736D} = {8B15CC5A-7087-4AD4-A0A6-92EC663828D5}
		{E59C0319-99B6-4048-B42E-C7B4785BC53C} = {FBEB5B94-0488-4ADD-9CD7-26DB03EB736D}
		{E176BD9B-82E0-4B27-B8C1-543C7460CCD9} = {FBEB5B94-0488-4ADD-9CD7-26DB03EB736D}
		{43575233-D366-4EF8-AB5E-0EF960A6DFD4} = {FBEB5B94-0488-4ADD-9CD7-26DB03EB736D}
		{7AA53545-6240-43C7-AD7C-09E70512137A} = {FBEB5B94-0488-4ADD-9CD7-26DB03EB736D}
		{9F041CCD-3311-47A9-955E-09FC6DC8E4DC} = {FBEB5B94-0488-4ADD-9CD7-26DB03EB736D}
		{AFBF4305-E0F4-4CDB-A99A-1E11FB68AAD2} = {AA2BC5E9-F959-4586-BCE4-DE01C2CF0B2C}
		{1C5D6DA8-680C-4F3C-B155-151E9CBFE9CC} = {F91A867D-B02F-4C24-B6FD-8E29929EB930}
	EndGlobalSection
	GlobalSection(ExtensibilityGlobals) = postSolution
		SolutionGuid = {CD47D357-BBEC-43C6-A8F4-97248C15EDF8}
	EndGlobalSection
EndGlobal
